
Microsoft Visual Studio Solution File, Format Version 12.00
# Visual Studio Version 17
VisualStudioVersion = 17.3.32825.248
MinimumVisualStudioVersion = 10.0.40219.1
Project("{8BC9CEB8-8B4A-11D0-8D11-00A0C91BC942}") = "A", "A\A.vcxproj", "{F8A35C3F-DE6A-43B9-89E7-0434A55182A6}"
EndProject
Global
	GlobalSection(SolutionConfigurationPlatforms) = preSolution
		Debug|x64 = Debug|x64
		Debug|x86 = Debug|x86
		Release|x64 = Release|x64
		Release|x86 = Release|x86
	EndGlobalSection
	GlobalSection(ProjectConfigurationPlatforms) = postSolution
		{F8A35C3F-DE6A-43B9-89E7-0434A55182A6}.Debug|x64.ActiveCfg = Debug|x64
		{F8A35C3F-DE6A-43B9-89E7-0434A55182A6}.Debug|x64.Build.0 = Debug|x64
		{F8A35C3F-DE6A-43B9-89E7-0434A55182A6}.Debug|x86.ActiveCfg = Debug|Win32
		{F8A35C3F-DE6A-43B9-89E7-0434A55182A6}.Debug|x86.Build.0 = Debug|Win32
		{F8A35C3F-DE6A-43B9-89E7-0434A55182A6}.Release|x64.ActiveCfg = Release|x64
		{F8A35C3F-DE6A-43B9-89E7-0434A55182A6}.Release|x64.Build.0 = Release|x64
		{F8A35C3F-DE6A-43B9-89E7-0434A55182A6}.Release|x86.ActiveCfg = Release|Win32
		{F8A35C3F-DE6A-43B9-89E7-0434A55182A6}.Release|x86.Build.0 = Release|Win32
	EndGlobalSection
	GlobalSection(SolutionProperties) = preSolution
		HideSolutionNode = FALSE
	EndGlobalSection
	GlobalSection(ExtensibilityGlobals) = postSolution
		SolutionGuid = {62066E9D-11DB-4EDA-A744-9D94517FC0A8}
	EndGlobalSection
EndGlobal
